
Microsoft Visual Studio Solution File, Format Version 12.00
# Visual Studio Version 16
VisualStudioVersion = 16.0.31702.278
MinimumVisualStudioVersion = 10.0.40219.1
Project("{FAE04EC0-301F-11D3-BF4B-00C04F79EFBC}") = "final_work", "final_work\final_work.csproj", "{D7A6DE6B-528C-4053-8DD2-EEF7EEB2A7B8}"
EndProject
Global
	GlobalSection(SolutionConfigurationPlatforms) = preSolution
		Debug|Any CPU = Debug|Any CPU
		Release|Any CPU = Release|Any CPU
	EndGlobalSection
	GlobalSection(ProjectConfigurationPlatforms) = postSolution
		{D7A6DE6B-528C-4053-8DD2-EEF7EEB2A7B8}.Debug|Any CPU.ActiveCfg = Debug|Any CPU
		{D7A6DE6B-528C-4053-8DD2-EEF7EEB2A7B8}.Debug|Any CPU.Build.0 = Debug|Any CPU
		{D7A6DE6B-528C-4053-8DD2-EEF7EEB2A7B8}.Release|Any CPU.ActiveCfg = Release|Any CPU
		{D7A6DE6B-528C-4053-8DD2-EEF7EEB2A7B8}.Release|Any CPU.Build.0 = Release|Any CPU
	EndGlobalSection
	GlobalSection(SolutionProperties) = preSolution
		HideSolutionNode = FALSE
	EndGlobalSection
	GlobalSection(ExtensibilityGlobals) = postSolution
		SolutionGuid = {74FE07F8-8AEA-4D4B-8EE5-769892FE57CD}
	EndGlobalSection
EndGlobal
